
Microsoft Visual Studio Solution File, Format Version 12.00
# Visual Studio Version 17
VisualStudioVersion = 17.7.34009.444
MinimumVisualStudioVersion = 10.0.40219.1
Project("{FAE04EC0-301F-11D3-BF4B-00C04F79EFBC}") = "PartsServer", "PartsServer\PartsServer.csproj", "{BE895CD5-3DCB-47D5-8703-7718CA6DB601}"
EndProject
Global
	GlobalSection(SolutionConfigurationPlatforms) = preSolution
		Debug|Any CPU = Debug|Any CPU
		Release|Any CPU = Release|Any CPU
	EndGlobalSection
	GlobalSection(ProjectConfigurationPlatforms) = postSolution
		{BE895CD5-3DCB-47D5-8703-7718CA6DB601}.Debug|Any CPU.ActiveCfg = Debug|Any CPU
		{BE895CD5-3DCB-47D5-8703-7718CA6DB601}.Debug|Any CPU.Build.0 = Debug|Any CPU
		{BE895CD5-3DCB-47D5-8703-7718CA6DB601}.Release|Any CPU.ActiveCfg = Release|Any CPU
		{BE895CD5-3DCB-47D5-8703-7718CA6DB601}.Release|Any CPU.Build.0 = Release|Any CPU
	EndGlobalSection
	GlobalSection(SolutionProperties) = preSolution
		HideSolutionNode = FALSE
	EndGlobalSection
	GlobalSection(ExtensibilityGlobals) = postSolution
		SolutionGuid = {A2C62E2C-CEE1-44C3-A2C3-DC8312CD4398}
	EndGlobalSection
EndGlobal
