
Microsoft Visual Studio Solution File, Format Version 12.00
# Visual Studio Version 17
VisualStudioVersion = 17.7.34009.444
MinimumVisualStudioVersion = 10.0.40219.1
Project("{FAE04EC0-301F-11D3-BF4B-00C04F79EFBC}") = "Aligment", "Aligment\Aligment.csproj", "{D4E6411C-5B36-4155-A7B5-EE539867FE62}"
EndProject
Project("{2150E333-8FDC-42A3-9474-1A3956D46DE8}") = "Solution Items", "Solution Items", "{19D76060-0B5E-416C-8109-A022C83B0468}"
	ProjectSection(SolutionItems) = preProject
		README.md = README.md
	EndProjectSection
EndProject
Global
	GlobalSection(SolutionConfigurationPlatforms) = preSolution
		Debug|Any CPU = Debug|Any CPU
		Release|Any CPU = Release|Any CPU
	EndGlobalSection
	GlobalSection(ProjectConfigurationPlatforms) = postSolution
		{D4E6411C-5B36-4155-A7B5-EE539867FE62}.Debug|Any CPU.ActiveCfg = Debug|Any CPU
		{D4E6411C-5B36-4155-A7B5-EE539867FE62}.Debug|Any CPU.Build.0 = Debug|Any CPU
		{D4E6411C-5B36-4155-A7B5-EE539867FE62}.Debug|Any CPU.Deploy.0 = Debug|Any CPU
		{D4E6411C-5B36-4155-A7B5-EE539867FE62}.Release|Any CPU.ActiveCfg = Release|Any CPU
		{D4E6411C-5B36-4155-A7B5-EE539867FE62}.Release|Any CPU.Build.0 = Release|Any CPU
		{D4E6411C-5B36-4155-A7B5-EE539867FE62}.Release|Any CPU.Deploy.0 = Release|Any CPU
	EndGlobalSection
	GlobalSection(SolutionProperties) = preSolution
		HideSolutionNode = FALSE
	EndGlobalSection
	GlobalSection(ExtensibilityGlobals) = postSolution
		SolutionGuid = {AB953863-FE59-4721-9AF6-2BE58CE0C66A}
	EndGlobalSection
EndGlobal
